<?xml version="1.0" encoding="utf-8"?>
<Project ToolsVersion="4.0" xmlns="http://schemas.microsoft.com/developer/msbuild/2003">
  <ItemGroup>
    <Filter Include="sonia">
      <UniqueIdentifier>{1154b024-252b-4bf2-b375-4aa91afd6ee2}</UniqueIdentifier>
    </Filter>
    <Filter Include="sonia.logger">
      <UniqueIdentifier>{c89f215b-69eb-4024-bb0b-cf0d2b84ee34}</UniqueIdentifier>
    </Filter>
    <Filter Include="sonia.utility">
      <UniqueIdentifier>{c309a8c6-dc15-46aa-9cc5-9bfe957608b0}</UniqueIdentifier>
    </Filter>
    <Filter Include="sonia.utility\iterators">
      <UniqueIdentifier>{95458c7b-86c2-427b-ab4a-f18d13beec67}</UniqueIdentifier>
    </Filter>
    <Filter Include="sonia.utility\parsers">
      <UniqueIdentifier>{cb9f65ac-5ab8-4f9c-b16a-ca68a77791ff}</UniqueIdentifier>
    </Filter>
    <Filter Include="sonia.utility\parsers\json">
      <UniqueIdentifier>{43a7cbbb-8444-4ea8-8a9a-70237e9e9563}</UniqueIdentifier>
    </Filter>
    <Filter Include="sonia.utility\parameters">
      <UniqueIdentifier>{ffec3959-3872-41c2-bbc6-55e991dac088}</UniqueIdentifier>
    </Filter>
    <Filter Include="sonia.services">
      <UniqueIdentifier>{577d9926-06fe-40ce-bac0-01ebc6035df0}</UniqueIdentifier>
    </Filter>
    <Filter Include="sonia.utility\json">
      <UniqueIdentifier>{9c2048f9-1471-42c4-8e0e-f0e77d6dbe26}</UniqueIdentifier>
    </Filter>
    <Filter Include="sonia.utility\number">
      <UniqueIdentifier>{dc12b83d-cf94-4d66-becf-539492092d45}</UniqueIdentifier>
    </Filter>
    <Filter Include="sonia.utility\optimized">
      <UniqueIdentifier>{1f52dd0d-5980-4cf9-8708-8484462d9cad}</UniqueIdentifier>
    </Filter>
    <Filter Include="sonia.utility\range">
      <UniqueIdentifier>{8f6f7125-96ce-4429-9228-69649c7e6e96}</UniqueIdentifier>
    </Filter>
    <Filter Include="sonia.sal">
      <UniqueIdentifier>{51847fa8-f43c-46c8-8939-7d494d843269}</UniqueIdentifier>
    </Filter>
    <Filter Include="sonia.utility\serialization">
      <UniqueIdentifier>{f850a6ea-5dc1-447c-ab9c-167b7918cdec}</UniqueIdentifier>
    </Filter>
    <Filter Include="sonia.services.io">
      <UniqueIdentifier>{74d1bad4-5a7d-4958-8ab3-1e3822da573a}</UniqueIdentifier>
    </Filter>
    <Filter Include="sonia.services.scheduler">
      <UniqueIdentifier>{7a02a053-7571-4567-b77e-41984419817e}</UniqueIdentifier>
    </Filter>
    <Filter Include="sonia.utility\algorithm">
      <UniqueIdentifier>{83d8f6d0-1a5e-4bef-992a-bd99289d76c5}</UniqueIdentifier>
    </Filter>
    <Filter Include="sonia.utility\caches">
      <UniqueIdentifier>{560b6c90-6370-42c4-b1cb-9a9cb278ab4c}</UniqueIdentifier>
    </Filter>
    <Filter Include="sonia.utility\functional">
      <UniqueIdentifier>{6fb41180-e38c-40c6-82ed-22efa48ae9df}</UniqueIdentifier>
    </Filter>
    <Filter Include="sonia.utility\streaming">
      <UniqueIdentifier>{6c7cfc3b-5b74-4f8c-9d53-1788d71f9c38}</UniqueIdentifier>
    </Filter>
    <Filter Include="sonia.utility\functional\hash">
      <UniqueIdentifier>{d4100e8e-34b8-459a-9075-9bda4393a249}</UniqueIdentifier>
    </Filter>
    <Filter Include="sonia.utility\concurrency">
      <UniqueIdentifier>{de59bf45-ac48-45e2-be5e-c0fcd98b36c1}</UniqueIdentifier>
    </Filter>
    <Filter Include="sonia.utility\serialization\boost">
      <UniqueIdentifier>{8f27435c-1fc5-459b-bbd0-eb87c22b65d9}</UniqueIdentifier>
    </Filter>
    <Filter Include="sonia.utility\marshaling">
      <UniqueIdentifier>{abf9cc83-b41c-44eb-9e84-b2985308b0b7}</UniqueIdentifier>
    </Filter>
    <Filter Include="sonia.mpl">
      <UniqueIdentifier>{8bdf32b6-4a9f-4d16-9519-9a4f4f88f413}</UniqueIdentifier>
    </Filter>
    <Filter Include="sonia.net">
      <UniqueIdentifier>{11de3c4c-184b-42dd-a6ab-d8aa9780ba2c}</UniqueIdentifier>
    </Filter>
    <Filter Include="sonia.net\http">
      <UniqueIdentifier>{9c3dd187-4374-4941-bce9-6ea0b1930853}</UniqueIdentifier>
    </Filter>
    <Filter Include="sonia.utility\functional\equal">
      <UniqueIdentifier>{a3fb7c16-8026-4743-b082-ac5229b4406f}</UniqueIdentifier>
    </Filter>
    <Filter Include="sonia.sys">
      <UniqueIdentifier>{ad730f3a-0675-4e1e-bbb9-33bffd66ebfc}</UniqueIdentifier>
    </Filter>
    <Filter Include="sonia.sys\posix">
      <UniqueIdentifier>{3f379cdc-163a-4d64-b9be-7391b0ed6236}</UniqueIdentifier>
    </Filter>
    <Filter Include="sonia.sys\windows">
      <UniqueIdentifier>{bd38a029-7841-4c53-a959-cbe8c1f300e6}</UniqueIdentifier>
    </Filter>
    <Filter Include="sonia.sys\linux">
      <UniqueIdentifier>{e136d02d-a1e2-422b-be0a-0dbbbaa3fc0b}</UniqueIdentifier>
    </Filter>
    <Filter Include="sonia.utility\parsers\xml">
      <UniqueIdentifier>{01018742-acea-47b3-8839-dc8517cc0e58}</UniqueIdentifier>
    </Filter>
  </ItemGroup>
  <ItemGroup>
    <ClInclude Include="..\..\..\sonia\shared_ptr.hpp">
      <Filter>sonia</Filter>
    </ClInclude>
    <ClInclude Include="..\..\..\sonia\array_view.hpp">
      <Filter>sonia</Filter>
    </ClInclude>
    <ClInclude Include="..\..\..\sonia\config.hpp">
      <Filter>sonia</Filter>
    </ClInclude>
    <ClInclude Include="..\..\..\sonia\cstdint.hpp">
      <Filter>sonia</Filter>
    </ClInclude>
    <ClInclude Include="..\..\..\sonia\string.hpp">
      <Filter>sonia</Filter>
    </ClInclude>
    <ClInclude Include="..\..\..\sonia\type_traits.hpp">
      <Filter>sonia</Filter>
    </ClInclude>
    <ClInclude Include="..\..\..\sonia\logger\logger.hpp">
      <Filter>sonia.logger</Filter>
    </ClInclude>
    <ClInclude Include="..\..\..\sonia\logger\loggable.hpp">
      <Filter>sonia.logger</Filter>
    </ClInclude>
    <ClInclude Include="..\..\..\sonia\exceptions.hpp">
      <Filter>sonia</Filter>
    </ClInclude>
    <ClInclude Include="..\..\..\sonia\utility\scope_exit.hpp">
      <Filter>sonia.utility</Filter>
    </ClInclude>
    <ClInclude Include="..\..\..\sonia\utility\iterators\wrapper_iterator.hpp">
      <Filter>sonia.utility\iterators</Filter>
    </ClInclude>
    <ClInclude Include="..\..\..\sonia\utility\placement_new.hpp">
      <Filter>sonia.utility</Filter>
    </ClInclude>
    <ClInclude Include="..\..\..\sonia\utility\in_place_factory.hpp">
      <Filter>sonia.utility</Filter>
    </ClInclude>
    <ClInclude Include="..\..\..\sonia\optional.hpp">
      <Filter>sonia</Filter>
    </ClInclude>
    <ClInclude Include="..\..\..\sonia\utility\variadic.hpp">
      <Filter>sonia.utility</Filter>
    </ClInclude>
    <ClInclude Include="..\..\..\sonia\utility\bind.hpp">
      <Filter>sonia.utility</Filter>
    </ClInclude>
    <ClInclude Include="..\..\..\sonia\utility\iterators\array_value_forward_iterator_adapter.hpp">
      <Filter>sonia.utility\iterators</Filter>
    </ClInclude>
    <ClInclude Include="..\..\..\sonia\build_config.hpp">
      <Filter>sonia</Filter>
    </ClInclude>
    <ClInclude Include="..\..\..\sonia\utility\persister.hpp">
      <Filter>sonia.utility</Filter>
    </ClInclude>
    <ClInclude Include="..\..\..\sonia\utility\iterators\file_region_iterator.hpp">
      <Filter>sonia.utility\iterators</Filter>
    </ClInclude>
    <ClInclude Include="..\..\..\sonia\utility\iterators\range_dereferencing_iterator.hpp">
      <Filter>sonia.utility\iterators</Filter>
    </ClInclude>
    <ClInclude Include="..\..\..\sonia\utility\polymorphic_traits.hpp">
      <Filter>sonia.utility</Filter>
    </ClInclude>
    <ClInclude Include="..\..\..\sonia\iterator_traits.hpp">
      <Filter>sonia</Filter>
    </ClInclude>
    <ClInclude Include="..\..\..\sonia\utility\file_persister.hpp">
      <Filter>sonia.utility</Filter>
    </ClInclude>
    <ClInclude Include="..\..\..\sonia\function.hpp">
      <Filter>sonia</Filter>
    </ClInclude>
    <ClInclude Include="..\..\..\sonia\services.hpp">
      <Filter>sonia</Filter>
    </ClInclude>
    <ClInclude Include="..\..\..\sonia\utility\parsers\json\lexertl_lexer.hpp">
      <Filter>sonia.utility\parsers\json</Filter>
    </ClInclude>
    <ClInclude Include="..\..\..\sonia\utility\parsers\json\lexems.hpp">
      <Filter>sonia.utility\parsers\json</Filter>
    </ClInclude>
    <ClInclude Include="..\..\..\sonia\utility\parsers\json\parser.hpp">
      <Filter>sonia.utility\parsers\json</Filter>
    </ClInclude>
    <ClInclude Include="..\..\..\sonia\utility\parsers\utility.hpp">
      <Filter>sonia.utility\parsers</Filter>
    </ClInclude>
    <ClInclude Include="..\..\..\sonia\utility\parsers\json\model.hpp">
      <Filter>sonia.utility\parsers\json</Filter>
    </ClInclude>
    <ClInclude Include="..\..\..\sonia\utility\parsers\lexer.hpp">
      <Filter>sonia.utility\parsers</Filter>
    </ClInclude>
    <ClInclude Include="..\..\..\sonia\services\local_service_registry.hpp">
      <Filter>sonia.services</Filter>
    </ClInclude>
    <ClInclude Include="..\..\..\sonia\services\service.hpp">
      <Filter>sonia.services</Filter>
    </ClInclude>
    <ClInclude Include="..\..\..\sonia\services\service_locator.hpp">
      <Filter>sonia.services</Filter>
    </ClInclude>
    <ClInclude Include="..\..\..\sonia\services\host.hpp">
      <Filter>sonia.services</Filter>
    </ClInclude>
    <ClInclude Include="..\..\..\sonia\services\environment.hpp">
      <Filter>sonia.services</Filter>
    </ClInclude>
    <ClInclude Include="..\..\..\sonia\utility\object_pool.hpp">
      <Filter>sonia.utility</Filter>
    </ClInclude>
    <ClInclude Include="..\..\..\sonia\utility\json\value.hpp">
      <Filter>sonia.utility\json</Filter>
    </ClInclude>
    <ClInclude Include="..\..\..\sonia\utility\number\integer.hpp">
      <Filter>sonia.utility\number</Filter>
    </ClInclude>
    <ClInclude Include="..\..\..\sonia\utility\comparison_operators.hpp">
      <Filter>sonia.utility</Filter>
    </ClInclude>
    <ClInclude Include="..\..\..\sonia\utility\optimized\holder.hpp">
      <Filter>sonia.utility\optimized</Filter>
    </ClInclude>
    <ClInclude Include="..\..\..\sonia\utility\optimized\integer.hpp">
      <Filter>sonia.utility\optimized</Filter>
    </ClInclude>
    <ClInclude Include="..\..\..\sonia\utility\number\decimal.hpp">
      <Filter>sonia.utility\number</Filter>
    </ClInclude>
    <ClInclude Include="..\..\..\sonia\utility\number\decimal.ipp">
      <Filter>sonia.utility\number</Filter>
    </ClInclude>
    <ClInclude Include="..\..\..\sonia\utility\iterators\hash_combine_iterator.hpp">
      <Filter>sonia.utility\iterators</Filter>
    </ClInclude>
    <ClInclude Include="..\..\..\sonia\utility\optimized\decimal.hpp">
      <Filter>sonia.utility\optimized</Filter>
    </ClInclude>
    <ClInclude Include="..\..\..\sonia\utility\number\basic_decimal.hpp">
      <Filter>sonia.utility\number</Filter>
    </ClInclude>
    <ClInclude Include="..\..\..\sonia\utility\buffer.hpp">
      <Filter>sonia.utility</Filter>
    </ClInclude>
    <ClInclude Include="..\..\..\sonia\utility\range\combine.hpp">
      <Filter>sonia.utility\range</Filter>
    </ClInclude>
    <ClInclude Include="..\..\..\sonia\utility\optimized\array.hpp">
      <Filter>sonia.utility\optimized</Filter>
    </ClInclude>
    <ClInclude Include="..\..\..\sonia\utility\windows.hpp">
      <Filter>sonia.utility</Filter>
    </ClInclude>
    <ClInclude Include="..\..\..\sonia\sal.hpp">
      <Filter>sonia</Filter>
    </ClInclude>
    <ClInclude Include="..\..\..\sonia\utility\json\json_cast.hpp">
      <Filter>sonia.utility\json</Filter>
    </ClInclude>
    <ClInclude Include="..\..\..\sonia\utility\parameters\parameters.hpp">
      <Filter>sonia.utility\parameters</Filter>
    </ClInclude>
    <ClInclude Include="..\..\..\sonia\services\builder.hpp">
      <Filter>sonia.services</Filter>
    </ClInclude>
    <ClInclude Include="..\..\..\sonia\services\bundle.hpp">
      <Filter>sonia.services</Filter>
    </ClInclude>
    <ClInclude Include="..\..\..\sonia\services\bundle.ipp">
      <Filter>sonia.services</Filter>
    </ClInclude>
    <ClInclude Include="..\..\..\sonia\utility\simple_queue.hpp">
      <Filter>sonia.utility</Filter>
    </ClInclude>
    <ClInclude Include="..\..\..\sonia\utility\type_id.hpp">
      <Filter>sonia.utility</Filter>
    </ClInclude>
    <ClInclude Include="..\..\..\sonia\utility\type_durable_id.hpp">
      <Filter>sonia.utility</Filter>
    </ClInclude>
    <ClInclude Include="..\..\..\sonia\utility\basic_local_registry.hpp">
      <Filter>sonia.utility</Filter>
    </ClInclude>
    <ClInclude Include="..\..\..\sonia\utility\command.hpp">
      <Filter>sonia.utility</Filter>
    </ClInclude>
    <ClInclude Include="..\..\..\sonia\utility\multimethod.hpp">
      <Filter>sonia.utility</Filter>
    </ClInclude>
    <ClInclude Include="..\..\..\sonia\utility\range\hasher.hpp">
      <Filter>sonia.utility\range</Filter>
    </ClInclude>
    <ClInclude Include="..\..\..\sonia\utility\range\transform.hpp">
      <Filter>sonia.utility\range</Filter>
    </ClInclude>
    <ClInclude Include="..\..\..\sonia\utility\serialization\serialization_fwd.hpp">
      <Filter>sonia.utility\serialization</Filter>
    </ClInclude>
    <ClInclude Include="..\..\..\sonia\utility\bind_command.hpp">
      <Filter>sonia.utility</Filter>
    </ClInclude>
    <ClInclude Include="..\..\..\sonia\utility\rvalue.hpp">
      <Filter>sonia.utility</Filter>
    </ClInclude>
    <ClInclude Include="..\..\..\sonia\utility\serialization\boost_serialization_tuple.hpp">
      <Filter>sonia.utility\serialization</Filter>
    </ClInclude>
    <ClInclude Include="..\..\..\sonia\utility\serialization\command.hpp">
      <Filter>sonia.utility\serialization</Filter>
    </ClInclude>
    <ClInclude Include="..\..\..\sonia\utility\serialization\integral.hpp">
      <Filter>sonia.utility\serialization</Filter>
    </ClInclude>
    <ClInclude Include="..\..\..\sonia\utility\serialization\iostream.hpp">
      <Filter>sonia.utility\serialization</Filter>
    </ClInclude>
    <ClInclude Include="..\..\..\sonia\utility\serialization\json_serialization.hpp">
      <Filter>sonia.utility\serialization</Filter>
    </ClInclude>
    <ClInclude Include="..\..\..\sonia\utility\serialization\serialization.hpp">
      <Filter>sonia.utility\serialization</Filter>
    </ClInclude>
    <ClInclude Include="..\..\..\sonia\utility\serialization\type_durable_id.hpp">
      <Filter>sonia.utility\serialization</Filter>
    </ClInclude>
    <ClInclude Include="..\..\..\sonia\utility\serialization\bind_command.hpp">
      <Filter>sonia.utility\serialization</Filter>
    </ClInclude>
    <ClInclude Include="..\..\..\sonia\utility\serialization\serializable.hpp">
      <Filter>sonia.utility\serialization</Filter>
    </ClInclude>
    <ClInclude Include="..\..\..\sonia\utility\serialization\tuple.hpp">
      <Filter>sonia.utility\serialization</Filter>
    </ClInclude>
    <ClInclude Include="..\..\..\sonia\utility\serialization\service.hpp">
      <Filter>sonia.utility\serialization</Filter>
    </ClInclude>
    <ClInclude Include="..\..\..\sonia\utility\serialization\string.hpp">
      <Filter>sonia.utility\serialization</Filter>
    </ClInclude>
    <ClInclude Include="..\..\..\sonia\utility\serialization\vector.hpp">
      <Filter>sonia.utility\serialization</Filter>
    </ClInclude>
    <ClInclude Include="..\..\..\sonia\sal_types.hpp">
      <Filter>sonia</Filter>
    </ClInclude>
    <ClInclude Include="..\..\..\sonia\utility\linked_buffers.hpp">
      <Filter>sonia.utility</Filter>
    </ClInclude>
    <ClInclude Include="..\..\..\sonia\services\io\factory.hpp">
      <Filter>sonia.services.io</Filter>
    </ClInclude>
    <ClInclude Include="..\..\..\sonia\services\io\file.hpp">
      <Filter>sonia.services.io</Filter>
    </ClInclude>
    <ClInclude Include="..\..\..\sonia\services\io\tcp_socket.hpp">
      <Filter>sonia.services.io</Filter>
    </ClInclude>
    <ClInclude Include="..\..\..\sonia\services\scheduler\basic_scheduler.hpp">
      <Filter>sonia.services.scheduler</Filter>
    </ClInclude>
    <ClInclude Include="..\..\..\sonia\services\scheduler\fiber_work_stealing_scheduler.hpp">
      <Filter>sonia.services.scheduler</Filter>
    </ClInclude>
    <ClInclude Include="..\..\..\sonia\services\scheduler\scheduler.hpp">
      <Filter>sonia.services.scheduler</Filter>
    </ClInclude>
    <ClInclude Include="..\..\..\sonia\services\io\tcp_write_output_iterator.hpp">
      <Filter>sonia.services.io</Filter>
    </ClInclude>
    <ClInclude Include="..\..\..\sonia\services\io\tcp_read_output_iterator.hpp">
      <Filter>sonia.services.io</Filter>
    </ClInclude>
    <ClInclude Include="..\..\..\sonia\utility\iterators\proxy.hpp">
      <Filter>sonia.utility\iterators</Filter>
    </ClInclude>
    <ClInclude Include="..\..\..\sonia\utility\caches\car.hpp">
      <Filter>sonia.utility\caches</Filter>
    </ClInclude>
    <ClInclude Include="..\..\..\sonia\utility\caches\clock.hpp">
      <Filter>sonia.utility\caches</Filter>
    </ClInclude>
    <ClInclude Include="..\..\..\sonia\utility\algorithm\construct.hpp">
      <Filter>sonia.utility\algorithm</Filter>
    </ClInclude>
    <ClInclude Include="..\..\..\sonia\utility\algorithm\copy.hpp">
      <Filter>sonia.utility\algorithm</Filter>
    </ClInclude>
    <ClInclude Include="..\..\..\sonia\utility\algorithm\pull.hpp">
      <Filter>sonia.utility\algorithm</Filter>
    </ClInclude>
    <ClInclude Include="..\..\..\sonia\utility\functional\abs.hpp">
      <Filter>sonia.utility\functional</Filter>
    </ClInclude>
    <ClInclude Include="..\..\..\sonia\utility\functional\forwarder.hpp">
      <Filter>sonia.utility\functional</Filter>
    </ClInclude>
    <ClInclude Include="..\..\..\sonia\utility\functional\has.hpp">
      <Filter>sonia.utility\functional</Filter>
    </ClInclude>
    <ClInclude Include="..\..\..\sonia\utility\functional\hash.hpp">
      <Filter>sonia.utility\functional</Filter>
    </ClInclude>
    <ClInclude Include="..\..\..\sonia\utility\functional\is_negative.hpp">
      <Filter>sonia.utility\functional</Filter>
    </ClInclude>
    <ClInclude Include="..\..\..\sonia\utility\functional\mover.hpp">
      <Filter>sonia.utility\functional</Filter>
    </ClInclude>
    <ClInclude Include="..\..\..\sonia\utility\functional\range_equal.hpp">
      <Filter>sonia.utility\functional</Filter>
    </ClInclude>
    <ClInclude Include="..\..\..\sonia\utility\functional\range_less.hpp">
      <Filter>sonia.utility\functional</Filter>
    </ClInclude>
    <ClInclude Include="..\..\..\sonia\utility\functional\reference_wrapper.hpp">
      <Filter>sonia.utility\functional</Filter>
    </ClInclude>
    <ClInclude Include="..\..\..\sonia\concurrency.hpp">
      <Filter>sonia</Filter>
    </ClInclude>
    <ClInclude Include="..\..\..\sonia\utility\streaming\type_index.hpp">
      <Filter>sonia.utility\streaming</Filter>
    </ClInclude>
    <ClInclude Include="..\..\..\sonia\utility\functional\hash\vector.hpp">
      <Filter>sonia.utility\functional\hash</Filter>
    </ClInclude>
    <ClInclude Include="..\..\..\sonia\utility\concurrency\rw_fiber_mutex.hpp">
      <Filter>sonia.utility\concurrency</Filter>
    </ClInclude>
    <ClInclude Include="..\..\..\sonia\utility\concurrency\rw_fiber_mutex_ext.hpp">
      <Filter>sonia.utility\concurrency</Filter>
    </ClInclude>
    <ClInclude Include="..\..\..\sonia\utility\concurrency\spinlock_trier.hpp">
      <Filter>sonia.utility\concurrency</Filter>
    </ClInclude>
    <ClInclude Include="..\..\..\sonia\utility\automatic.hpp">
      <Filter>sonia.utility</Filter>
    </ClInclude>
    <ClInclude Include="..\..\..\sonia\services\scheduler\thread_manager.hpp">
      <Filter>sonia.services.scheduler</Filter>
    </ClInclude>
    <ClInclude Include="..\..\..\sonia\services\scheduler\thread_manager.ipp">
      <Filter>sonia.services.scheduler</Filter>
    </ClInclude>
    <ClInclude Include="..\..\..\sonia\utility\serialization\variant.hpp">
      <Filter>sonia.utility\serialization</Filter>
    </ClInclude>
    <ClInclude Include="..\..\..\sonia\utility\streaming\vector.hpp">
      <Filter>sonia.utility\streaming</Filter>
    </ClInclude>
    <ClInclude Include="..\..\..\sonia\utility\streaming\array_view.hpp">
      <Filter>sonia.utility\streaming</Filter>
    </ClInclude>
    <ClInclude Include="..\..\..\sonia\utility\serialization\bit_coder.hpp">
      <Filter>sonia.utility\serialization</Filter>
    </ClInclude>
    <ClInclude Include="..\..\..\sonia\utility\expected.hpp">
      <Filter>sonia.utility</Filter>
    </ClInclude>
    <ClInclude Include="..\..\..\sonia\utility\serialization\boost\optional.hpp">
      <Filter>sonia.utility\serialization\boost</Filter>
    </ClInclude>
    <ClInclude Include="..\..\..\sonia\utility\allocator_facade.hpp">
      <Filter>sonia.utility</Filter>
    </ClInclude>
    <ClInclude Include="..\..\..\sonia\utility\functional\less.hpp">
      <Filter>sonia.utility\functional</Filter>
    </ClInclude>
    <ClInclude Include="..\..\..\sonia\utility\functional\equal.hpp">
      <Filter>sonia.utility\functional</Filter>
    </ClInclude>
    <ClInclude Include="..\..\..\sonia\utility\functional\compare.hpp">
      <Filter>sonia.utility\functional</Filter>
    </ClInclude>
    <ClInclude Include="..\..\..\sonia\utility\functional\range_compare.hpp">
      <Filter>sonia.utility\functional</Filter>
    </ClInclude>
    <ClInclude Include="..\..\..\sonia\utility\automatic_polymorphic.hpp">
      <Filter>sonia.utility</Filter>
    </ClInclude>
    <ClInclude Include="..\..\..\sonia\utility\optimized_optional.hpp">
      <Filter>sonia.utility</Filter>
    </ClInclude>
    <ClInclude Include="..\..\..\sonia\utility\iterators\tar_iterator.hpp">
      <Filter>sonia.utility\iterators</Filter>
    </ClInclude>
    <ClInclude Include="..\..\..\sonia\utility\iterators\range_reference.hpp">
      <Filter>sonia.utility\iterators</Filter>
    </ClInclude>
    <ClInclude Include="..\..\..\sonia\utility\iterators\inflate_iterator.hpp">
      <Filter>sonia.utility\iterators</Filter>
    </ClInclude>
    <ClInclude Include="..\..\..\sonia\utility\iterators\buffering_mediator_iterator.hpp">
      <Filter>sonia.utility\iterators</Filter>
    </ClInclude>
    <ClInclude Include="..\..\..\sonia\utility\iterators\deflate_iterator.hpp">
      <Filter>sonia.utility\iterators</Filter>
    </ClInclude>
    <ClInclude Include="..\..\..\sonia\utility\iterators\bz2_decompress_iterator.hpp">
      <Filter>sonia.utility\iterators</Filter>
    </ClInclude>
    <ClInclude Include="..\..\..\sonia\utility\iterators\bz2_compress_iterator.hpp">
      <Filter>sonia.utility\iterators</Filter>
    </ClInclude>
    <ClInclude Include="..\..\..\sonia\utility\iterators\archive_extract_iterator.hpp">
      <Filter>sonia.utility\iterators</Filter>
    </ClInclude>
    <ClInclude Include="..\..\..\sonia\utility\automatic_pointer.hpp">
      <Filter>sonia.utility</Filter>
    </ClInclude>
    <ClInclude Include="..\..\..\sonia\utility\zlib_util.hpp">
      <Filter>sonia.utility</Filter>
    </ClInclude>
    <ClInclude Include="..\..\..\sonia\utility\bz2_util.hpp">
      <Filter>sonia.utility</Filter>
    </ClInclude>
    <ClInclude Include="..\..\..\sonia\utility\streaming\tuple.hpp">
      <Filter>sonia.utility\streaming</Filter>
    </ClInclude>
    <ClInclude Include="..\..\..\sonia\utility\hazardous.hpp">
      <Filter>sonia.utility</Filter>
    </ClInclude>
    <ClInclude Include="..\..\..\sonia\utility\serialization\boost\tuple.hpp">
      <Filter>sonia.utility\serialization\boost</Filter>
    </ClInclude>
    <ClInclude Include="..\..\..\sonia\utility\serialization\optional.hpp">
      <Filter>sonia.utility\serialization</Filter>
    </ClInclude>
    <ClInclude Include="..\..\..\sonia\utility\serialization\pair.hpp">
      <Filter>sonia.utility\serialization</Filter>
    </ClInclude>
    <ClInclude Include="..\..\..\sonia\utility\serialization\array.hpp">
      <Filter>sonia.utility\serialization</Filter>
    </ClInclude>
    <ClInclude Include="..\..\..\sonia\services\transceiver.hpp">
      <Filter>sonia.services</Filter>
    </ClInclude>
    <ClInclude Include="..\..\..\sonia\utility\serialization\placeholder.hpp">
      <Filter>sonia.utility\serialization</Filter>
    </ClInclude>
    <ClInclude Include="..\..\..\sonia\services\durable_type_registry.hpp">
      <Filter>sonia.services</Filter>
    </ClInclude>
    <ClInclude Include="..\..\..\sonia\services\multimethod_registry.hpp">
      <Filter>sonia.services</Filter>
    </ClInclude>
    <ClInclude Include="..\..\..\sonia\services\host_impl.hpp">
      <Filter>sonia.services</Filter>
    </ClInclude>
    <ClInclude Include="..\..\..\sonia\utility\serialization\reference.hpp">
      <Filter>sonia.utility\serialization</Filter>
    </ClInclude>
    <ClInclude Include="..\..\..\sonia\utility\marshaling\marshaling.hpp">
      <Filter>sonia.utility\marshaling</Filter>
    </ClInclude>
    <ClInclude Include="..\..\..\sonia\utility\marshaling\string.hpp">
      <Filter>sonia.utility\marshaling</Filter>
    </ClInclude>
    <ClInclude Include="..\..\..\sonia\utility\marshaling\stub_parameter.hpp">
      <Filter>sonia.utility\marshaling</Filter>
    </ClInclude>
    <ClInclude Include="..\..\..\sonia\utility\iterators\reference_wrapper_iterator.hpp">
      <Filter>sonia.utility\iterators</Filter>
    </ClInclude>
    <ClInclude Include="..\..\..\sonia\services\local_type_registry.hpp">
      <Filter>sonia.services</Filter>
    </ClInclude>
    <ClInclude Include="..\..\..\sonia\utility\functional\hash\variant.hpp">
      <Filter>sonia.utility\functional\hash</Filter>
    </ClInclude>
    <ClInclude Include="..\..\..\sonia\utility\linux.hpp">
      <Filter>sonia.utility</Filter>
    </ClInclude>
    <ClInclude Include="..\..\..\sonia\utility\iterators\socket_write_iterator.hpp">
      <Filter>sonia.utility\iterators</Filter>
    </ClInclude>
    <ClInclude Include="..\..\..\sonia\utility\serialization\optimized_array.hpp">
      <Filter>sonia.utility\serialization</Filter>
    </ClInclude>
    <ClInclude Include="..\..\..\sonia\utility\optimized\maybe_array.hpp">
      <Filter>sonia.utility\optimized</Filter>
    </ClInclude>
    <ClInclude Include="..\..\..\sonia\utility\serialization\maybe_array.hpp">
      <Filter>sonia.utility\serialization</Filter>
    </ClInclude>
    <ClInclude Include="..\..\..\sonia\services\io\udp_socket.hpp">
      <Filter>sonia.services.io</Filter>
    </ClInclude>
    <ClInclude Include="..\..\..\sonia\services\io\sockets.hpp">
      <Filter>sonia.services.io</Filter>
    </ClInclude>
    <ClInclude Include="..\..\..\sonia\services\io\socket_address.hpp">
      <Filter>sonia.services.io</Filter>
    </ClInclude>
    <ClInclude Include="..\..\..\sonia\utility\polymorphic_vector.hpp">
      <Filter>sonia.utility</Filter>
    </ClInclude>
    <ClInclude Include="..\..\..\sonia\sal\net.hpp">
      <Filter>sonia.sal</Filter>
    </ClInclude>
    <ClInclude Include="..\..\..\sonia\utility\shared_handle.hpp">
      <Filter>sonia.utility</Filter>
    </ClInclude>
    <ClInclude Include="..\..\..\sonia\services\io\smart_handle_facade.hpp">
      <Filter>sonia.services.io</Filter>
    </ClInclude>
    <ClInclude Include="..\..\..\sonia\utility\marshaling\service.hpp">
      <Filter>sonia.utility\marshaling</Filter>
    </ClInclude>
    <ClInclude Include="..\..\..\sonia\mpl\transform_view.hpp">
      <Filter>sonia.mpl</Filter>
    </ClInclude>
    <ClInclude Include="..\..\..\sonia\utility\serialization\mpl_sequence.hpp">
      <Filter>sonia.utility\serialization</Filter>
    </ClInclude>
    <ClInclude Include="..\..\..\sonia\mpl\sequence.hpp">
      <Filter>sonia.mpl</Filter>
    </ClInclude>
    <ClInclude Include="..\..\..\sonia\utility\caches\utility.hpp">
      <Filter>sonia.utility\caches</Filter>
    </ClInclude>
    <ClInclude Include="..\..\..\sonia\services\singleton_locator.hpp">
      <Filter>sonia.services</Filter>
    </ClInclude>
    <ClInclude Include="..\..\..\sonia\services\singleton.hpp">
      <Filter>sonia.services</Filter>
    </ClInclude>
    <ClInclude Include="..\..\..\sonia\singleton.hpp">
      <Filter>sonia</Filter>
    </ClInclude>
    <ClInclude Include="..\..\..\sonia\net\uri.hpp">
      <Filter>sonia.net</Filter>
    </ClInclude>
    <ClInclude Include="..\..\..\sonia\net\uri.ipp">
      <Filter>sonia.net</Filter>
    </ClInclude>
    <ClInclude Include="..\..\..\sonia\utility\serialization\http_request.hpp">
      <Filter>sonia.utility\serialization</Filter>
    </ClInclude>
    <ClInclude Include="..\..\..\sonia\net\http\headers.hpp">
      <Filter>sonia.net\http</Filter>
    </ClInclude>
    <ClInclude Include="..\..\..\sonia\net\http\http.hpp">
      <Filter>sonia.net\http</Filter>
    </ClInclude>
    <ClInclude Include="..\..\..\sonia\net\http\message.hpp">
      <Filter>sonia.net\http</Filter>
    </ClInclude>
    <ClInclude Include="..\..\..\sonia\net\http\status_codes.hpp">
      <Filter>sonia.net\http</Filter>
    </ClInclude>
    <ClInclude Include="..\..\..\sonia\utility\functional\equal\variant.hpp">
      <Filter>sonia.utility\functional\equal</Filter>
    </ClInclude>
    <ClInclude Include="..\..\..\sonia\utility\serialization\http_message.hpp">
      <Filter>sonia.utility\serialization</Filter>
    </ClInclude>
    <ClInclude Include="..\..\..\sonia\utility\iterators\socket_read_output_iterator.hpp">
      <Filter>sonia.utility\iterators</Filter>
    </ClInclude>
    <ClInclude Include="..\..\..\sonia\utility\iterators\socket_read_input_iterator.hpp">
      <Filter>sonia.utility\iterators</Filter>
    </ClInclude>
    <ClInclude Include="..\..\..\sonia\utility\serialization\http_response.hpp">
      <Filter>sonia.utility\serialization</Filter>
    </ClInclude>
    <ClInclude Include="..\..\..\sonia\utility\iterators\socket_write_input_iterator.hpp">
      <Filter>sonia.utility\iterators</Filter>
    </ClInclude>
    <ClInclude Include="..\..\..\sonia\utility\iterators\http_chunking_write_input_iterator.hpp">
      <Filter>sonia.utility\iterators</Filter>
    </ClInclude>
    <ClInclude Include="..\..\..\sonia\utility\iterators\buffering_write_input_iterator.hpp">
      <Filter>sonia.utility\iterators</Filter>
    </ClInclude>
    <ClInclude Include="..\..\..\sonia\services\io\ssl_factory.hpp">
      <Filter>sonia.services.io</Filter>
    </ClInclude>
    <ClInclude Include="..\..\..\sonia\services\io\ssl_configuration.hpp">
      <Filter>sonia.services.io</Filter>
    </ClInclude>
    <ClInclude Include="..\..\..\sonia\utility\boost_stacktrace.hpp">
      <Filter>sonia.utility</Filter>
    </ClInclude>
    <ClInclude Include="..\..\..\sonia\net\http\sonnet.hpp">
      <Filter>sonia.net\http</Filter>
    </ClInclude>
    <ClInclude Include="..\..\..\sonia\net\http\application.hpp">
      <Filter>sonia.net\http</Filter>
    </ClInclude>
    <ClInclude Include="..\..\..\sonia\utility\iterators\iterator_of_ranges_with_limit.hpp">
      <Filter>sonia.utility\iterators</Filter>
    </ClInclude>
    <ClInclude Include="..\..\..\sonia\utility\iterators\chain_iterator.hpp">
      <Filter>sonia.utility\iterators</Filter>
    </ClInclude>
    <ClInclude Include="..\..\..\sonia\utility\iterators\empty_check_iterator.hpp">
      <Filter>sonia.utility\iterators</Filter>
    </ClInclude>
    <ClInclude Include="..\..\..\sonia\net\http\message.ipp">
      <Filter>sonia.net\http</Filter>
    </ClInclude>
    <ClInclude Include="..\..\..\sonia\utility\iterators\http_chunking_read_input_iterator.hpp">
      <Filter>sonia.utility\iterators</Filter>
    </ClInclude>
    <ClInclude Include="..\..\..\sonia\sys\linux\signals.hpp">
      <Filter>sonia.sys\linux</Filter>
    </ClInclude>
    <ClInclude Include="..\..\..\sonia\sys\windows\main_api.hpp">
      <Filter>sonia.sys\windows</Filter>
    </ClInclude>
    <ClInclude Include="..\..\..\sonia\sys\windows\thread_pool.hpp">
      <Filter>sonia.sys\windows</Filter>
    </ClInclude>
    <ClInclude Include="..\..\..\sonia\sys\windows\thread_pool_api.hpp">
      <Filter>sonia.sys\windows</Filter>
    </ClInclude>
    <ClInclude Include="..\..\..\sonia\sys\linux\timer.hpp">
      <Filter>sonia.sys\linux</Filter>
    </ClInclude>
    <ClInclude Include="..\..\..\sonia\sys\linux\signals_api.hpp">
      <Filter>sonia.sys\linux</Filter>
    </ClInclude>
    <ClInclude Include="..\..\..\sonia\services\on_close.hpp">
      <Filter>sonia.services</Filter>
    </ClInclude>
    <ClInclude Include="..\..\..\sonia\utility\concurrency\barrier.hpp">
      <Filter>sonia.utility\concurrency</Filter>
    </ClInclude>
    <ClInclude Include="..\..\..\sonia\utility\file_statable.hpp">
      <Filter>sonia.utility</Filter>
    </ClInclude>
    <ClInclude Include="..\..\..\sonia\utility\file_statable.ipp">
      <Filter>sonia.utility</Filter>
    </ClInclude>
    <ClInclude Include="..\..\..\sonia\utility\iterators\value_as_iterator.hpp">
      <Filter>sonia.utility\iterators</Filter>
    </ClInclude>
    <ClInclude Include="..\..\..\sonia\utility\serialization\boost\json_value.hpp">
      <Filter>sonia.utility\serialization\boost</Filter>
    </ClInclude>
    <ClInclude Include="..\..\..\sonia\utility\iterators\single_value_iterator.hpp">
      <Filter>sonia.utility\iterators</Filter>
    </ClInclude>
    <ClInclude Include="..\..\..\sonia\utility\concurrency\debug_mutex.hpp">
      <Filter>sonia.utility\concurrency</Filter>
    </ClInclude>
    <ClInclude Include="..\..\..\sonia\mpl\apply.hpp">
      <Filter>sonia.mpl</Filter>
    </ClInclude>
    <ClInclude Include="..\..\..\sonia\mpl\apply_wrap.hpp">
      <Filter>sonia.mpl</Filter>
    </ClInclude>
    <ClInclude Include="..\..\..\sonia\mpl\as_vector.hpp">
      <Filter>sonia.mpl</Filter>
    </ClInclude>
    <ClInclude Include="..\..\..\sonia\mpl\bind.hpp">
      <Filter>sonia.mpl</Filter>
    </ClInclude>
    <ClInclude Include="..\..\..\sonia\mpl\boost_mpl.hpp">
      <Filter>sonia.mpl</Filter>
    </ClInclude>
    <ClInclude Include="..\..\..\sonia\mpl\contains.hpp">
      <Filter>sonia.mpl</Filter>
    </ClInclude>
    <ClInclude Include="..\..\..\sonia\mpl\equal.hpp">
      <Filter>sonia.mpl</Filter>
    </ClInclude>
    <ClInclude Include="..\..\..\sonia\mpl\equal_to.hpp">
      <Filter>sonia.mpl</Filter>
    </ClInclude>
    <ClInclude Include="..\..\..\sonia\mpl\find.hpp">
      <Filter>sonia.mpl</Filter>
    </ClInclude>
    <ClInclude Include="..\..\..\sonia\mpl\find_if.hpp">
      <Filter>sonia.mpl</Filter>
    </ClInclude>
    <ClInclude Include="..\..\..\sonia\mpl\fold.hpp">
      <Filter>sonia.mpl</Filter>
    </ClInclude>
    <ClInclude Include="..\..\..\sonia\mpl\iterator.hpp">
      <Filter>sonia.mpl</Filter>
    </ClInclude>
    <ClInclude Include="..\..\..\sonia\mpl\lambda.hpp">
      <Filter>sonia.mpl</Filter>
    </ClInclude>
    <ClInclude Include="..\..\..\sonia\mpl\less.hpp">
      <Filter>sonia.mpl</Filter>
    </ClInclude>
    <ClInclude Include="..\..\..\sonia\mpl\max_element.hpp">
      <Filter>sonia.mpl</Filter>
    </ClInclude>
    <ClInclude Include="..\..\..\sonia\mpl\min_element.hpp">
      <Filter>sonia.mpl</Filter>
    </ClInclude>
    <ClInclude Include="..\..\..\sonia\mpl\next.hpp">
      <Filter>sonia.mpl</Filter>
    </ClInclude>
    <ClInclude Include="..\..\..\sonia\mpl\not_equal_to.hpp">
      <Filter>sonia.mpl</Filter>
    </ClInclude>
    <ClInclude Include="..\..\..\sonia\mpl\plus.hpp">
      <Filter>sonia.mpl</Filter>
    </ClInclude>
    <ClInclude Include="..\..\..\sonia\mpl\protect.hpp">
      <Filter>sonia.mpl</Filter>
    </ClInclude>
    <ClInclude Include="..\..\..\sonia\mpl\push_back.hpp">
      <Filter>sonia.mpl</Filter>
    </ClInclude>
    <ClInclude Include="..\..\..\sonia\mpl\push_front.hpp">
      <Filter>sonia.mpl</Filter>
    </ClInclude>
    <ClInclude Include="..\..\..\sonia\mpl\quote.hpp">
      <Filter>sonia.mpl</Filter>
    </ClInclude>
    <ClInclude Include="..\..\..\sonia\mpl\range_c.hpp">
      <Filter>sonia.mpl</Filter>
    </ClInclude>
    <ClInclude Include="..\..\..\sonia\mpl\unpack_args.hpp">
      <Filter>sonia.mpl</Filter>
    </ClInclude>
    <ClInclude Include="..\..\..\sonia\mpl\vector.hpp">
      <Filter>sonia.mpl</Filter>
    </ClInclude>
    <ClInclude Include="..\..\..\sonia\mpl\zip_view.hpp">
      <Filter>sonia.mpl</Filter>
    </ClInclude>
    <ClInclude Include="..\..\..\sonia\utility\iterators\http_form_data_read_iterator.hpp">
      <Filter>sonia.utility\iterators</Filter>
    </ClInclude>
    <ClInclude Include="..\..\..\sonia\utility\iterators\range_cacheable_iterator.hpp">
      <Filter>sonia.utility\iterators</Filter>
    </ClInclude>
    <ClInclude Include="..\..\..\sonia\utility\range\is_subset_of.hpp">
      <Filter>sonia.utility\range</Filter>
    </ClInclude>
    <ClInclude Include="..\..\..\sonia\utility\iterators\range_buffering_iterator.hpp">
      <Filter>sonia.utility\iterators</Filter>
    </ClInclude>
    <ClInclude Include="..\..\..\sonia\utility\base_xx_util.hpp">
      <Filter>sonia.utility</Filter>
    </ClInclude>
    <ClInclude Include="..\..\..\sonia\mpl\lambda_fwd.hpp">
      <Filter>sonia.mpl</Filter>
    </ClInclude>
    <ClInclude Include="..\..\..\sonia\mpl\pop_front.hpp">
      <Filter>sonia.mpl</Filter>
    </ClInclude>
    <ClInclude Include="..\..\..\sonia\mpl\pop_back.hpp">
      <Filter>sonia.mpl</Filter>
    </ClInclude>
    <ClInclude Include="..\..\..\sonia\utility\parsers\xml\lexems.hpp">
      <Filter>sonia.utility\parsers\xml</Filter>
    </ClInclude>
    <ClInclude Include="..\..\..\sonia\utility\parsers\xml\lexertl_lexer.hpp">
      <Filter>sonia.utility\parsers\xml</Filter>
    </ClInclude>
    <ClInclude Include="..\..\..\sonia\utility\parsers\xml\model.hpp">
      <Filter>sonia.utility\parsers\xml</Filter>
    </ClInclude>
    <ClInclude Include="..\..\..\sonia\utility\parsers\xml\parser.hpp">
      <Filter>sonia.utility\parsers\xml</Filter>
    </ClInclude>
  </ItemGroup>
  <ItemGroup>
    <ClCompile Include="..\..\..\sonia\logger\logger.cpp">
      <Filter>sonia.logger</Filter>
    </ClCompile>
    <ClCompile Include="..\..\..\sonia\utility\iterators\file_region_iterator.cpp">
      <Filter>sonia.utility\iterators</Filter>
    </ClCompile>
    <ClCompile Include="..\..\..\sonia\utility\file_persister.cpp">
      <Filter>sonia.utility</Filter>
    </ClCompile>
    <ClCompile Include="..\..\..\sonia\utility\parsers\json\json_model.cpp">
      <Filter>sonia.utility\parsers\json</Filter>
    </ClCompile>
    <ClCompile Include="..\..\..\sonia\services\local_service_registry.cpp">
      <Filter>sonia.services</Filter>
    </ClCompile>
    <ClCompile Include="..\..\..\sonia\services\service_locator.cpp">
      <Filter>sonia.services</Filter>
    </ClCompile>
    <ClCompile Include="..\..\..\sonia\services\services.cpp">
      <Filter>sonia.services</Filter>
    </ClCompile>
    <ClCompile Include="..\..\..\sonia\services\services_host.cpp">
      <Filter>sonia.services</Filter>
    </ClCompile>
    <ClCompile Include="..\..\..\sonia\services\environment.cpp">
      <Filter>sonia.services</Filter>
    </ClCompile>
    <ClCompile Include="..\..\..\sonia\utility\json\json_value.cpp">
      <Filter>sonia.utility\json</Filter>
    </ClCompile>
    <ClCompile Include="..\..\..\sonia\utility\number\number_integer.cpp">
      <Filter>sonia.utility\number</Filter>
    </ClCompile>
    <ClCompile Include="..\..\..\sonia\utility\assert_handler.cpp">
      <Filter>sonia.utility</Filter>
    </ClCompile>
    <ClCompile Include="..\..\..\sonia\utility\windows.cpp">
      <Filter>sonia.utility</Filter>
    </ClCompile>
    <ClCompile Include="..\..\..\sonia\sal\windows_sal.cpp">
      <Filter>sonia.sal</Filter>
    </ClCompile>
    <ClCompile Include="..\..\..\sonia\sal\linux_sal.cpp">
      <Filter>sonia.sal</Filter>
    </ClCompile>
    <ClCompile Include="..\..\..\sonia\utility\parameters\parameters.cpp">
      <Filter>sonia.utility\parameters</Filter>
    </ClCompile>
    <ClCompile Include="..\..\..\sonia\services\bundle.cpp">
      <Filter>sonia.services</Filter>
    </ClCompile>
    <ClCompile Include="..\..\..\sonia\services\io\file.cpp">
      <Filter>sonia.services.io</Filter>
    </ClCompile>
    <ClCompile Include="..\..\..\sonia\services\io\io_factory_linux.cpp">
      <Filter>sonia.services.io</Filter>
    </ClCompile>
    <ClCompile Include="..\..\..\sonia\services\io\io_factory_win.cpp">
      <Filter>sonia.services.io</Filter>
    </ClCompile>
    <ClCompile Include="..\..\..\sonia\services\scheduler\basic_scheduler.cpp">
      <Filter>sonia.services.scheduler</Filter>
    </ClCompile>
    <ClCompile Include="..\..\..\sonia\services\scheduler\fiber_work_stealing_scheduler.cpp">
      <Filter>sonia.services.scheduler</Filter>
    </ClCompile>
    <ClCompile Include="..\..\..\sonia\utility\iterators\tar_iterator.cpp">
      <Filter>sonia.utility\iterators</Filter>
    </ClCompile>
    <ClCompile Include="..\..\..\sonia\utility\iterators\archive_extract_iterator.cpp">
      <Filter>sonia.utility\iterators</Filter>
    </ClCompile>
    <ClCompile Include="..\..\..\sonia\services\durable_type_registry.cpp">
      <Filter>sonia.services</Filter>
    </ClCompile>
    <ClCompile Include="..\..\..\sonia\services\multimethod_registry.cpp">
      <Filter>sonia.services</Filter>
    </ClCompile>
    <ClCompile Include="..\..\..\sonia\services\local_type_registry.cpp">
      <Filter>sonia.services</Filter>
    </ClCompile>
    <ClCompile Include="..\..\..\sonia\services\io\io_factory.cpp">
      <Filter>sonia.services.io</Filter>
    </ClCompile>
    <ClCompile Include="..\..\..\sonia\utility\linux.cpp">
      <Filter>sonia.utility</Filter>
    </ClCompile>
    <ClCompile Include="..\..\..\sonia\services\io\socket_address.cpp">
      <Filter>sonia.services.io</Filter>
    </ClCompile>
    <ClCompile Include="..\..\..\sonia\sal\sal.cpp">
      <Filter>sonia.sal</Filter>
    </ClCompile>
    <ClCompile Include="..\..\..\sonia\services\singleton_locator.cpp">
      <Filter>sonia.services</Filter>
    </ClCompile>
    <ClCompile Include="..\..\..\sonia\net\uri.cpp">
      <Filter>sonia.net</Filter>
    </ClCompile>
    <ClCompile Include="..\..\..\sonia\net\http\http.cpp">
      <Filter>sonia.net\http</Filter>
    </ClCompile>
    <ClCompile Include="..\..\..\sonia\net\http\http_message.cpp">
      <Filter>sonia.net\http</Filter>
    </ClCompile>
    <ClCompile Include="..\..\..\sonia\services\io\io_ssl_factory.cpp">
      <Filter>sonia.services.io</Filter>
    </ClCompile>
    <ClCompile Include="..\..\..\sonia\net\http\sonnet.cpp">
      <Filter>sonia.net\http</Filter>
    </ClCompile>
    <ClCompile Include="..\..\..\sonia\sys\linux\signals.cpp">
      <Filter>sonia.sys\linux</Filter>
    </ClCompile>
    <ClCompile Include="..\..\..\sonia\sys\windows\main_api.cpp">
      <Filter>sonia.sys\windows</Filter>
    </ClCompile>
    <ClCompile Include="..\..\..\sonia\sys\windows\thread_pool.cpp">
      <Filter>sonia.sys\windows</Filter>
    </ClCompile>
    <ClCompile Include="..\..\..\sonia\sys\windows\thread_pool_api.cpp">
      <Filter>sonia.sys\windows</Filter>
    </ClCompile>
    <ClCompile Include="..\..\..\sonia\sys\linux\linux_timer.cpp">
      <Filter>sonia.sys\linux</Filter>
    </ClCompile>
    <ClCompile Include="..\..\..\sonia\sys\linux\signals_api.cpp">
      <Filter>sonia.sys\linux</Filter>
    </ClCompile>
    <ClCompile Include="..\..\..\sonia\utility\parsers\xml\xml_model.cpp">
      <Filter>sonia.utility\parsers\xml</Filter>
    </ClCompile>
  </ItemGroup>
  <ItemGroup>
    <Natvis Include="..\sonia.natvis" />
  </ItemGroup>
</Project>