<?xml version="1.0" encoding="utf-8"?>
<Project ToolsVersion="4.0" xmlns="http://schemas.microsoft.com/developer/msbuild/2003">
  <ItemGroup>
    <Filter Include="sonia">
      <UniqueIdentifier>{1154b024-252b-4bf2-b375-4aa91afd6ee2}</UniqueIdentifier>
    </Filter>
    <Filter Include="sonia.serialization">
      <UniqueIdentifier>{ebd5b070-4b8b-4a31-84e5-5cdb1859b1d4}</UniqueIdentifier>
    </Filter>
    <Filter Include="sonia.algorithm">
      <UniqueIdentifier>{b3afdb08-fb25-497c-a7c8-60f85a24d7a7}</UniqueIdentifier>
    </Filter>
    <Filter Include="sonia.logger">
      <UniqueIdentifier>{c89f215b-69eb-4024-bb0b-cf0d2b84ee34}</UniqueIdentifier>
    </Filter>
    <Filter Include="sonia.io">
      <UniqueIdentifier>{74d1bad4-5a7d-4958-8ab3-1e3822da573a}</UniqueIdentifier>
    </Filter>
    <Filter Include="sonia.utility">
      <UniqueIdentifier>{c309a8c6-dc15-46aa-9cc5-9bfe957608b0}</UniqueIdentifier>
    </Filter>
    <Filter Include="sonia.utility\iterators">
      <UniqueIdentifier>{95458c7b-86c2-427b-ab4a-f18d13beec67}</UniqueIdentifier>
    </Filter>
    <Filter Include="sonia.application">
      <UniqueIdentifier>{07b0c1e7-bd5a-4964-859f-a6eaa94b1f92}</UniqueIdentifier>
    </Filter>
    <Filter Include="sonia.utility\parsers">
      <UniqueIdentifier>{cb9f65ac-5ab8-4f9c-b16a-ca68a77791ff}</UniqueIdentifier>
    </Filter>
    <Filter Include="sonia.utility\parsers\json">
      <UniqueIdentifier>{43a7cbbb-8444-4ea8-8a9a-70237e9e9563}</UniqueIdentifier>
    </Filter>
    <Filter Include="sonia.utility\options">
      <UniqueIdentifier>{d05e96a6-0125-4ea4-8f20-0b58dc907eff}</UniqueIdentifier>
    </Filter>
    <Filter Include="sonia.utility\parameters">
      <UniqueIdentifier>{ffec3959-3872-41c2-bbc6-55e991dac088}</UniqueIdentifier>
    </Filter>
    <Filter Include="sonia.services">
      <UniqueIdentifier>{577d9926-06fe-40ce-bac0-01ebc6035df0}</UniqueIdentifier>
    </Filter>
    <Filter Include="sonia.utility\json">
      <UniqueIdentifier>{9c2048f9-1471-42c4-8e0e-f0e77d6dbe26}</UniqueIdentifier>
    </Filter>
    <Filter Include="sonia.utility\number">
      <UniqueIdentifier>{dc12b83d-cf94-4d66-becf-539492092d45}</UniqueIdentifier>
    </Filter>
    <Filter Include="sonia.utility\optimized">
      <UniqueIdentifier>{1f52dd0d-5980-4cf9-8708-8484462d9cad}</UniqueIdentifier>
    </Filter>
    <Filter Include="sonia.functional">
      <UniqueIdentifier>{148357da-58cb-4d01-b7c3-a5b28eda6034}</UniqueIdentifier>
    </Filter>
    <Filter Include="sonia.utility\range">
      <UniqueIdentifier>{8f6f7125-96ce-4429-9228-69649c7e6e96}</UniqueIdentifier>
    </Filter>
    <Filter Include="sonia.services\async">
      <UniqueIdentifier>{d0ebef30-37ad-4f67-8b9d-3d5d592fde5e}</UniqueIdentifier>
    </Filter>
    <Filter Include="sonia.scheduler">
      <UniqueIdentifier>{7a02a053-7571-4567-b77e-41984419817e}</UniqueIdentifier>
    </Filter>
    <Filter Include="sonia.sal">
      <UniqueIdentifier>{51847fa8-f43c-46c8-8939-7d494d843269}</UniqueIdentifier>
    </Filter>
  </ItemGroup>
  <ItemGroup>
    <ClInclude Include="..\..\..\sonia\shared_ptr.hpp">
      <Filter>sonia</Filter>
    </ClInclude>
    <ClInclude Include="..\..\..\sonia\array_view.hpp">
      <Filter>sonia</Filter>
    </ClInclude>
    <ClInclude Include="..\..\..\sonia\config.hpp">
      <Filter>sonia</Filter>
    </ClInclude>
    <ClInclude Include="..\..\..\sonia\cstdint.hpp">
      <Filter>sonia</Filter>
    </ClInclude>
    <ClInclude Include="..\..\..\sonia\string.hpp">
      <Filter>sonia</Filter>
    </ClInclude>
    <ClInclude Include="..\..\..\sonia\prime_config.hpp">
      <Filter>sonia</Filter>
    </ClInclude>
    <ClInclude Include="..\..\..\sonia\serialization\serialization.hpp">
      <Filter>sonia.serialization</Filter>
    </ClInclude>
    <ClInclude Include="..\..\..\sonia\serialization\integral.hpp">
      <Filter>sonia.serialization</Filter>
    </ClInclude>
    <ClInclude Include="..\..\..\sonia\type_traits.hpp">
      <Filter>sonia</Filter>
    </ClInclude>
    <ClInclude Include="..\..\..\sonia\algorithm\pull.hpp">
      <Filter>sonia.algorithm</Filter>
    </ClInclude>
    <ClInclude Include="..\..\..\sonia\automatic.hpp">
      <Filter>sonia</Filter>
    </ClInclude>
    <ClInclude Include="..\..\..\sonia\logger\logger.hpp">
      <Filter>sonia.logger</Filter>
    </ClInclude>
    <ClInclude Include="..\..\..\sonia\logger\loggable.hpp">
      <Filter>sonia.logger</Filter>
    </ClInclude>
    <ClInclude Include="..\..\..\sonia\io\file.hpp">
      <Filter>sonia.io</Filter>
    </ClInclude>
    <ClInclude Include="..\..\..\sonia\exceptions.hpp">
      <Filter>sonia</Filter>
    </ClInclude>
    <ClInclude Include="..\..\..\sonia\utility\scope_exit.hpp">
      <Filter>sonia.utility</Filter>
    </ClInclude>
    <ClInclude Include="..\..\..\sonia\utility\iterators\wrapper_iterator.hpp">
      <Filter>sonia.utility\iterators</Filter>
    </ClInclude>
    <ClInclude Include="..\..\..\sonia\utility\iterators\iterator_polymorphic_impl.hpp">
      <Filter>sonia.utility\iterators</Filter>
    </ClInclude>
    <ClInclude Include="..\..\..\sonia\utility\iterators\shared_ptr_wrapper_iterator_impl.hpp">
      <Filter>sonia.utility\iterators</Filter>
    </ClInclude>
    <ClInclude Include="..\..\..\sonia\utility\placement_new.hpp">
      <Filter>sonia.utility</Filter>
    </ClInclude>
    <ClInclude Include="..\..\..\sonia\utility\in_place_factory.hpp">
      <Filter>sonia.utility</Filter>
    </ClInclude>
    <ClInclude Include="..\..\..\sonia\reference_wrapper.hpp">
      <Filter>sonia</Filter>
    </ClInclude>
    <ClInclude Include="..\..\..\sonia\optional.hpp">
      <Filter>sonia</Filter>
    </ClInclude>
    <ClInclude Include="..\..\..\sonia\utility\variadic.hpp">
      <Filter>sonia.utility</Filter>
    </ClInclude>
    <ClInclude Include="..\..\..\sonia\utility\bind.hpp">
      <Filter>sonia.utility</Filter>
    </ClInclude>
    <ClInclude Include="..\..\..\sonia\utility\iterators\array_value_forward_iterator_adapter.hpp">
      <Filter>sonia.utility\iterators</Filter>
    </ClInclude>
    <ClInclude Include="..\..\..\sonia\build_config.hpp">
      <Filter>sonia</Filter>
    </ClInclude>
    <ClInclude Include="..\..\..\sonia\thread.hpp">
      <Filter>sonia</Filter>
    </ClInclude>
    <ClInclude Include="..\..\..\sonia\utility\persister.hpp">
      <Filter>sonia.utility</Filter>
    </ClInclude>
    <ClInclude Include="..\..\..\sonia\utility\iterators\file_region_iterator.hpp">
      <Filter>sonia.utility\iterators</Filter>
    </ClInclude>
    <ClInclude Include="..\..\..\sonia\utility\iterators\range_dereferencing_iterator.hpp">
      <Filter>sonia.utility\iterators</Filter>
    </ClInclude>
    <ClInclude Include="..\..\..\sonia\utility\polymorphic_traits.hpp">
      <Filter>sonia.utility</Filter>
    </ClInclude>
    <ClInclude Include="..\..\..\sonia\utility\optional_inheritor.hpp">
      <Filter>sonia.utility</Filter>
    </ClInclude>
    <ClInclude Include="..\..\..\sonia\iterator_traits.hpp">
      <Filter>sonia</Filter>
    </ClInclude>
    <ClInclude Include="..\..\..\sonia\utility\file_persister.hpp">
      <Filter>sonia.utility</Filter>
    </ClInclude>
    <ClInclude Include="..\..\..\sonia\function.hpp">
      <Filter>sonia</Filter>
    </ClInclude>
    <ClInclude Include="..\..\..\sonia\serialization\json_serialization.hpp">
      <Filter>sonia.serialization</Filter>
    </ClInclude>
    <ClInclude Include="..\..\..\sonia\serialization\iostream.hpp">
      <Filter>sonia.serialization</Filter>
    </ClInclude>
    <ClInclude Include="..\..\..\sonia\serialization\boost_serialization_tuple.hpp">
      <Filter>sonia.serialization</Filter>
    </ClInclude>
    <ClInclude Include="..\..\..\sonia\services.hpp">
      <Filter>sonia</Filter>
    </ClInclude>
    <ClInclude Include="..\..\..\sonia\application\configuration.hpp">
      <Filter>sonia.application</Filter>
    </ClInclude>
    <ClInclude Include="..\..\..\sonia\utility\parsers\json\lexertl_lexer.hpp">
      <Filter>sonia.utility\parsers\json</Filter>
    </ClInclude>
    <ClInclude Include="..\..\..\sonia\utility\parsers\json\lexems.hpp">
      <Filter>sonia.utility\parsers\json</Filter>
    </ClInclude>
    <ClInclude Include="..\..\..\sonia\utility\parsers\json\parser.hpp">
      <Filter>sonia.utility\parsers\json</Filter>
    </ClInclude>
    <ClInclude Include="..\..\..\sonia\utility\parsers\utility.hpp">
      <Filter>sonia.utility\parsers</Filter>
    </ClInclude>
    <ClInclude Include="..\..\..\sonia\utility\parsers\json\model.hpp">
      <Filter>sonia.utility\parsers\json</Filter>
    </ClInclude>
    <ClInclude Include="..\..\..\sonia\utility\parsers\lexer.hpp">
      <Filter>sonia.utility\parsers</Filter>
    </ClInclude>
    <ClInclude Include="..\..\..\sonia\algorithm\copy.hpp">
      <Filter>sonia.algorithm</Filter>
    </ClInclude>
    <ClInclude Include="..\..\..\sonia\options.hpp">
      <Filter>sonia</Filter>
    </ClInclude>
    <ClInclude Include="..\..\..\sonia\utility\options\json.hpp">
      <Filter>sonia.utility\options</Filter>
    </ClInclude>
    <ClInclude Include="..\..\..\sonia\utility\parameters\parameters_description.hpp">
      <Filter>sonia.utility\parameters</Filter>
    </ClInclude>
    <ClInclude Include="..\..\..\sonia\utility\parameters\value_descriptor.hpp">
      <Filter>sonia.utility\parameters</Filter>
    </ClInclude>
    <ClInclude Include="..\..\..\sonia\services\local_service_registry.hpp">
      <Filter>sonia.services</Filter>
    </ClInclude>
    <ClInclude Include="..\..\..\sonia\services\service.hpp">
      <Filter>sonia.services</Filter>
    </ClInclude>
    <ClInclude Include="..\..\..\sonia\services\service_locator.hpp">
      <Filter>sonia.services</Filter>
    </ClInclude>
    <ClInclude Include="..\..\..\sonia\services\host.hpp">
      <Filter>sonia.services</Filter>
    </ClInclude>
    <ClInclude Include="..\..\..\sonia\services\environment.hpp">
      <Filter>sonia.services</Filter>
    </ClInclude>
    <ClInclude Include="..\..\..\sonia\services\builder.hpp">
      <Filter>sonia.services</Filter>
    </ClInclude>
    <ClInclude Include="..\..\..\sonia\utility\object_pool.hpp">
      <Filter>sonia.utility</Filter>
    </ClInclude>
    <ClInclude Include="..\..\..\sonia\utility\parameters\json_store.hpp">
      <Filter>sonia.utility\parameters</Filter>
    </ClInclude>
    <ClInclude Include="..\..\..\sonia\utility\parameters\variables.hpp">
      <Filter>sonia.utility\parameters</Filter>
    </ClInclude>
    <ClInclude Include="..\..\..\sonia\utility\json\value.hpp">
      <Filter>sonia.utility\json</Filter>
    </ClInclude>
    <ClInclude Include="..\..\..\sonia\utility\number\integer.hpp">
      <Filter>sonia.utility\number</Filter>
    </ClInclude>
    <ClInclude Include="..\..\..\sonia\utility\comparison_operators.hpp">
      <Filter>sonia.utility</Filter>
    </ClInclude>
    <ClInclude Include="..\..\..\sonia\utility\optimized\holder.hpp">
      <Filter>sonia.utility\optimized</Filter>
    </ClInclude>
    <ClInclude Include="..\..\..\sonia\utility\optimized\integer.hpp">
      <Filter>sonia.utility\optimized</Filter>
    </ClInclude>
    <ClInclude Include="..\..\..\sonia\functional\is_negative.hpp">
      <Filter>sonia.functional</Filter>
    </ClInclude>
    <ClInclude Include="..\..\..\sonia\functional\abs.hpp">
      <Filter>sonia.functional</Filter>
    </ClInclude>
    <ClInclude Include="..\..\..\sonia\functional\reference_wrapper.hpp">
      <Filter>sonia.functional</Filter>
    </ClInclude>
    <ClInclude Include="..\..\..\sonia\utility\number\decimal.hpp">
      <Filter>sonia.utility\number</Filter>
    </ClInclude>
    <ClInclude Include="..\..\..\sonia\utility\number\decimal.ipp">
      <Filter>sonia.utility\number</Filter>
    </ClInclude>
    <ClInclude Include="..\..\..\sonia\utility\iterators\hash_combine_iterator.hpp">
      <Filter>sonia.utility\iterators</Filter>
    </ClInclude>
    <ClInclude Include="..\..\..\sonia\utility\optimized\decimal.hpp">
      <Filter>sonia.utility\optimized</Filter>
    </ClInclude>
    <ClInclude Include="..\..\..\sonia\utility\number\basic_decimal.hpp">
      <Filter>sonia.utility\number</Filter>
    </ClInclude>
    <ClInclude Include="..\..\..\sonia\functional\hash.hpp">
      <Filter>sonia.functional</Filter>
    </ClInclude>
    <ClInclude Include="..\..\..\sonia\utility\buffer.hpp">
      <Filter>sonia.utility</Filter>
    </ClInclude>
    <ClInclude Include="..\..\..\sonia\functional\forwarder.hpp">
      <Filter>sonia.functional</Filter>
    </ClInclude>
    <ClInclude Include="..\..\..\sonia\functional\mover.hpp">
      <Filter>sonia.functional</Filter>
    </ClInclude>
    <ClInclude Include="..\..\..\sonia\utility\range\combine.hpp">
      <Filter>sonia.utility\range</Filter>
    </ClInclude>
    <ClInclude Include="..\..\..\sonia\algorithm\construct.hpp">
      <Filter>sonia.algorithm</Filter>
    </ClInclude>
    <ClInclude Include="..\..\..\sonia\utility\optimized\array.hpp">
      <Filter>sonia.utility\optimized</Filter>
    </ClInclude>
    <ClInclude Include="..\..\..\sonia\services\async\reactor.hpp">
      <Filter>sonia.services\async</Filter>
    </ClInclude>
    <ClInclude Include="..\..\..\sonia\functional\range_equal.hpp">
      <Filter>sonia.functional</Filter>
    </ClInclude>
    <ClInclude Include="..\..\..\sonia\functional\range_less.hpp">
      <Filter>sonia.functional</Filter>
    </ClInclude>
    <ClInclude Include="..\..\..\sonia\io\factory.hpp">
      <Filter>sonia.io</Filter>
    </ClInclude>
    <ClInclude Include="..\..\..\sonia\io\tcp_socket.hpp">
      <Filter>sonia.io</Filter>
    </ClInclude>
    <ClInclude Include="..\..\..\sonia\utility\windows.hpp">
      <Filter>sonia.utility</Filter>
    </ClInclude>
    <ClInclude Include="..\..\..\sonia\io\tcp_acceptor.hpp">
      <Filter>sonia.io</Filter>
    </ClInclude>
    <ClInclude Include="..\..\..\sonia\scheduler\scheduler.hpp">
      <Filter>sonia.scheduler</Filter>
    </ClInclude>
    <ClInclude Include="..\..\..\sonia\scheduler\basic_scheduler.hpp">
      <Filter>sonia.scheduler</Filter>
    </ClInclude>
    <ClInclude Include="..\..\..\sonia\sal.hpp">
      <Filter>sonia</Filter>
    </ClInclude>
  </ItemGroup>
  <ItemGroup>
    <ClCompile Include="..\..\..\sonia\logger\logger.cpp">
      <Filter>sonia.logger</Filter>
    </ClCompile>
    <ClCompile Include="..\..\..\sonia\io\file.cpp">
      <Filter>sonia.io</Filter>
    </ClCompile>
    <ClCompile Include="..\..\..\sonia\utility\iterators\file_region_iterator.cpp">
      <Filter>sonia.utility\iterators</Filter>
    </ClCompile>
    <ClCompile Include="..\..\..\sonia\utility\file_persister.cpp">
      <Filter>sonia.utility</Filter>
    </ClCompile>
    <ClCompile Include="..\..\..\sonia\utility\parsers\json\json_model.cpp">
      <Filter>sonia.utility\parsers\json</Filter>
    </ClCompile>
    <ClCompile Include="..\..\..\sonia\utility\options\json_options.cpp">
      <Filter>sonia.utility\options</Filter>
    </ClCompile>
    <ClCompile Include="..\..\..\sonia\utility\parameters\parameters_description.cpp">
      <Filter>sonia.utility\parameters</Filter>
    </ClCompile>
    <ClCompile Include="..\..\..\sonia\services\local_service_registry.cpp">
      <Filter>sonia.services</Filter>
    </ClCompile>
    <ClCompile Include="..\..\..\sonia\services\service_locator.cpp">
      <Filter>sonia.services</Filter>
    </ClCompile>
    <ClCompile Include="..\..\..\sonia\services\services.cpp">
      <Filter>sonia.services</Filter>
    </ClCompile>
    <ClCompile Include="..\..\..\sonia\services\services_host.cpp">
      <Filter>sonia.services</Filter>
    </ClCompile>
    <ClCompile Include="..\..\..\sonia\services\environment.cpp">
      <Filter>sonia.services</Filter>
    </ClCompile>
    <ClCompile Include="..\..\..\sonia\utility\parameters\parameters_json_store.cpp">
      <Filter>sonia.utility\parameters</Filter>
    </ClCompile>
    <ClCompile Include="..\..\..\sonia\utility\parameters\parameters_variables.cpp">
      <Filter>sonia.utility\parameters</Filter>
    </ClCompile>
    <ClCompile Include="..\..\..\sonia\utility\json\json_value.cpp">
      <Filter>sonia.utility\json</Filter>
    </ClCompile>
    <ClCompile Include="..\..\..\sonia\utility\number\number_integer.cpp">
      <Filter>sonia.utility\number</Filter>
    </ClCompile>
    <ClCompile Include="..\..\..\sonia\utility\assert_handler.cpp">
      <Filter>sonia.utility</Filter>
    </ClCompile>
    <ClCompile Include="..\..\..\sonia\services\async\async_reactor.cpp">
      <Filter>sonia.services\async</Filter>
    </ClCompile>
    <ClCompile Include="..\..\..\sonia\io\io_factory.cpp">
      <Filter>sonia.io</Filter>
    </ClCompile>
    <ClCompile Include="..\..\..\sonia\utility\windows.cpp">
      <Filter>sonia.utility</Filter>
    </ClCompile>
    <ClCompile Include="..\..\..\sonia\scheduler\basic_scheduler.cpp">
      <Filter>sonia.scheduler</Filter>
    </ClCompile>
    <ClCompile Include="..\..\..\sonia\sal\windows_sal.cpp">
      <Filter>sonia.sal</Filter>
    </ClCompile>
    <ClCompile Include="..\..\..\sonia\sal\linux_sal.cpp">
      <Filter>sonia.sal</Filter>
    </ClCompile>
  </ItemGroup>
</Project>