<?xml version="1.0" encoding="utf-8"?>
<Project ToolsVersion="4.0" xmlns="http://schemas.microsoft.com/developer/msbuild/2003">
  <ItemGroup>
    <ClCompile Include="..\..\..\sonia\services\services.cpp">
      <Filter>sonia.services</Filter>
    </ClCompile>
    <ClCompile Include="..\..\..\applied\dllmain.cpp" />
    <ClCompile Include="..\..\..\sonia\services\environment.cpp">
      <Filter>sonia.services</Filter>
    </ClCompile>
    <ClCompile Include="..\..\..\sonia\services\services_host.cpp">
      <Filter>sonia.services</Filter>
    </ClCompile>
    <ClCompile Include="..\..\..\sonia\services\service_locator.cpp">
      <Filter>sonia.services</Filter>
    </ClCompile>
    <ClCompile Include="..\..\..\sonia\services\basic_service_factory.cpp">
      <Filter>sonia.services</Filter>
    </ClCompile>
    <ClCompile Include="..\..\..\sonia\services\prime_bundle.cpp">
      <Filter>sonia.services</Filter>
    </ClCompile>
    <ClCompile Include="..\..\..\sonia\services\scheduler\scheduler_service.cpp">
      <Filter>sonia.services\scheduler</Filter>
    </ClCompile>
    <ClCompile Include="..\..\..\sonia\services\net\net_service.cpp">
      <Filter>sonia.services\net</Filter>
    </ClCompile>
    <ClCompile Include="..\..\..\sonia\services\net\basic_connector.cpp">
      <Filter>sonia.services\net</Filter>
    </ClCompile>
    <ClCompile Include="..\..\..\sonia\services\io\io_service.cpp">
      <Filter>sonia.services\io</Filter>
    </ClCompile>
    <ClCompile Include="..\..\..\sonia\services\io\io_service_builder.cpp">
      <Filter>sonia.services\io</Filter>
    </ClCompile>
    <ClCompile Include="..\..\..\sonia\services\scheduler\scheduler_service_builder.cpp">
      <Filter>sonia.services\scheduler</Filter>
    </ClCompile>
    <ClCompile Include="..\..\..\sonia\services\net\net_service_builder.cpp">
      <Filter>sonia.services\net</Filter>
    </ClCompile>
    <ClCompile Include="..\..\..\sonia\services\local_service_registry.cpp">
      <Filter>sonia.services</Filter>
    </ClCompile>
    <ClCompile Include="..\..\..\sonia\services\net\echo\echo_connector_builder.cpp">
      <Filter>sonia.services\net\echo</Filter>
    </ClCompile>
    <ClCompile Include="..\..\..\sonia\services\net\echo\echo_connector.cpp">
      <Filter>sonia.services\net\echo</Filter>
    </ClCompile>
    <ClCompile Include="..\..\..\sonia\services\transceiver\transceiver_builder.cpp">
      <Filter>sonia.services\transceiver</Filter>
    </ClCompile>
    <ClCompile Include="..\..\..\sonia\services\transceiver\transceiver_service.cpp">
      <Filter>sonia.services\transceiver</Filter>
    </ClCompile>
    <ClCompile Include="..\..\..\sonia\services\io\io_cache_service_builder.cpp">
      <Filter>sonia.services\io</Filter>
    </ClCompile>
    <ClCompile Include="..\..\..\sonia\services\io\io_cache_service.cpp">
      <Filter>sonia.services\io</Filter>
    </ClCompile>
    <ClCompile Include="..\..\..\sonia\services\net\http\http_connector.cpp">
      <Filter>sonia.services\net\http</Filter>
    </ClCompile>
    <ClCompile Include="..\..\..\sonia\services\net\http\http_connector_builder.cpp">
      <Filter>sonia.services\net\http</Filter>
    </ClCompile>
    <ClCompile Include="..\..\..\sonia\services\net\http\http_default_application_builder.cpp">
      <Filter>sonia.services\net\http</Filter>
    </ClCompile>
    <ClCompile Include="..\..\..\sonia\services\net\http\http_default_application.cpp">
      <Filter>sonia.services\net\http</Filter>
    </ClCompile>
    <ClCompile Include="..\..\..\sonia\services\net\http\http_static_application.cpp">
      <Filter>sonia.services\net\http</Filter>
    </ClCompile>
    <ClCompile Include="..\..\..\sonia\services\net\http\http_static_application_builder.cpp">
      <Filter>sonia.services\net\http</Filter>
    </ClCompile>
    <ClCompile Include="..\..\..\sonia\services\registry\registry_service.cpp">
      <Filter>sonia.services\registry</Filter>
    </ClCompile>
    <ClCompile Include="..\..\..\sonia\services\registry\registry_service_builder.cpp">
      <Filter>sonia.services\registry</Filter>
    </ClCompile>
    <ClCompile Include="..\..\..\sonia\services\bookkeeper\bookkeeper_service.cpp">
      <Filter>sonia.services\bookkeeper</Filter>
    </ClCompile>
    <ClCompile Include="..\..\..\sonia\services\bookkeeper\bookkeeper_service_builder.cpp">
      <Filter>sonia.services\bookkeeper</Filter>
    </ClCompile>
    <ClCompile Include="..\..\..\sonia\services\net\http\http_digest_authentication_application.cpp">
      <Filter>sonia.services\net\http</Filter>
    </ClCompile>
    <ClCompile Include="..\..\..\sonia\services\net\http\http_digest_authentication_application_builder.cpp">
      <Filter>sonia.services\net\http</Filter>
    </ClCompile>
    <ClCompile Include="..\..\..\sonia\services\auth\auth_service.cpp">
      <Filter>sonia.services\auth</Filter>
    </ClCompile>
    <ClCompile Include="..\..\..\sonia\services\auth\auth_service_builder.cpp">
      <Filter>sonia.services\auth</Filter>
    </ClCompile>
  </ItemGroup>
  <ItemGroup>
    <Filter Include="sonia.services">
      <UniqueIdentifier>{74959f1f-ac70-48cc-b3ce-1a10da274100}</UniqueIdentifier>
    </Filter>
    <Filter Include="sonia.services\scheduler">
      <UniqueIdentifier>{16a9f79b-83c0-4b38-86d1-74ae8f96bd01}</UniqueIdentifier>
    </Filter>
    <Filter Include="sonia">
      <UniqueIdentifier>{676c1e0b-bea2-4ced-96d2-fc66a4a71255}</UniqueIdentifier>
    </Filter>
    <Filter Include="sonia.services\net">
      <UniqueIdentifier>{f3ae0c95-625f-45a4-b815-929407c52b9a}</UniqueIdentifier>
    </Filter>
    <Filter Include="sonia.services\io">
      <UniqueIdentifier>{226e04cf-ee30-4a3b-addc-4d6198950edb}</UniqueIdentifier>
    </Filter>
    <Filter Include="sonia.services\net\echo">
      <UniqueIdentifier>{4b38a90a-a7fe-448b-800d-996ce8f57401}</UniqueIdentifier>
    </Filter>
    <Filter Include="sonia.services\transceiver">
      <UniqueIdentifier>{0616f2c9-3460-4e59-824a-df4346a66923}</UniqueIdentifier>
    </Filter>
    <Filter Include="sonia.services\net\http">
      <UniqueIdentifier>{a82c12bf-9c1d-4d99-a116-8215bf6c8dff}</UniqueIdentifier>
    </Filter>
    <Filter Include="sonia.services\registry">
      <UniqueIdentifier>{835b5fdf-684f-4ffe-9747-8067e7f629e9}</UniqueIdentifier>
    </Filter>
    <Filter Include="sonia.services\bookkeeper">
      <UniqueIdentifier>{13119c36-1d46-44d8-a92d-c17c43c16ef0}</UniqueIdentifier>
    </Filter>
    <Filter Include="sonia.services\auth">
      <UniqueIdentifier>{77007cb3-76e3-4c88-ad20-b83ade85fe18}</UniqueIdentifier>
    </Filter>
  </ItemGroup>
  <ItemGroup>
    <ClInclude Include="..\..\..\sonia\services\environment.hpp">
      <Filter>sonia.services</Filter>
    </ClInclude>
    <ClInclude Include="..\..\..\sonia\services\host.hpp">
      <Filter>sonia.services</Filter>
    </ClInclude>
    <ClInclude Include="..\..\..\sonia\services\service.hpp">
      <Filter>sonia.services</Filter>
    </ClInclude>
    <ClInclude Include="..\..\..\sonia\services\service_locator.hpp">
      <Filter>sonia.services</Filter>
    </ClInclude>
    <ClInclude Include="..\..\..\sonia\services\service_factory.hpp">
      <Filter>sonia.services</Filter>
    </ClInclude>
    <ClInclude Include="..\..\..\sonia\services\bundle.hpp">
      <Filter>sonia.services</Filter>
    </ClInclude>
    <ClInclude Include="..\..\..\sonia\services\scheduler\scheduler_service.hpp">
      <Filter>sonia.services\scheduler</Filter>
    </ClInclude>
    <ClInclude Include="..\..\..\sonia\services\type_registry.hpp">
      <Filter>sonia.services</Filter>
    </ClInclude>
    <ClInclude Include="..\..\..\sonia\prime_config.hpp">
      <Filter>sonia</Filter>
    </ClInclude>
    <ClInclude Include="..\..\..\sonia\services\host_impl.hpp">
      <Filter>sonia.services</Filter>
    </ClInclude>
    <ClInclude Include="..\..\..\sonia\services\thread_descriptor.hpp">
      <Filter>sonia.services</Filter>
    </ClInclude>
    <ClInclude Include="..\..\..\sonia\services\net\net_service.hpp">
      <Filter>sonia.services\net</Filter>
    </ClInclude>
    <ClInclude Include="..\..\..\sonia\services\net\connector.hpp">
      <Filter>sonia.services\net</Filter>
    </ClInclude>
    <ClInclude Include="..\..\..\sonia\services\net\basic_connector.hpp">
      <Filter>sonia.services\net</Filter>
    </ClInclude>
    <ClInclude Include="..\..\..\sonia\services\io\io_service.hpp">
      <Filter>sonia.services\io</Filter>
    </ClInclude>
    <ClInclude Include="..\..\..\sonia\services\io\io_service_builder.hpp">
      <Filter>sonia.services\io</Filter>
    </ClInclude>
    <ClInclude Include="..\..\..\sonia\services\io\io_service_configuration.hpp">
      <Filter>sonia.services\io</Filter>
    </ClInclude>
    <ClInclude Include="..\..\..\sonia\services\scheduler\scheduler_service_configuration.hpp">
      <Filter>sonia.services\scheduler</Filter>
    </ClInclude>
    <ClInclude Include="..\..\..\sonia\services\scheduler\scheduler_service_builder.hpp">
      <Filter>sonia.services\scheduler</Filter>
    </ClInclude>
    <ClInclude Include="..\..\..\sonia\services\net\net_service_configuration.hpp">
      <Filter>sonia.services\net</Filter>
    </ClInclude>
    <ClInclude Include="..\..\..\sonia\services\net\net_service_builder.hpp">
      <Filter>sonia.services\net</Filter>
    </ClInclude>
    <ClInclude Include="..\..\..\sonia\services\local_service_registry.hpp">
      <Filter>sonia.services</Filter>
    </ClInclude>
    <ClInclude Include="..\..\..\sonia\services\net\echo\echo_connector_configuration.hpp">
      <Filter>sonia.services\net\echo</Filter>
    </ClInclude>
    <ClInclude Include="..\..\..\sonia\services\net\echo\echo_connector_builder.hpp">
      <Filter>sonia.services\net\echo</Filter>
    </ClInclude>
    <ClInclude Include="..\..\..\sonia\services\net\echo\echo_connector.hpp">
      <Filter>sonia.services\net\echo</Filter>
    </ClInclude>
    <ClInclude Include="..\..\..\sonia\services\transceiver\transceiver_builder.hpp">
      <Filter>sonia.services\transceiver</Filter>
    </ClInclude>
    <ClInclude Include="..\..\..\sonia\services\transceiver\transceiver_configuration.hpp">
      <Filter>sonia.services\transceiver</Filter>
    </ClInclude>
    <ClInclude Include="..\..\..\sonia\services\transceiver\transceiver_service.hpp">
      <Filter>sonia.services\transceiver</Filter>
    </ClInclude>
    <ClInclude Include="..\..\..\sonia\services\io\io_cache_service_configuration.hpp">
      <Filter>sonia.services\io</Filter>
    </ClInclude>
    <ClInclude Include="..\..\..\sonia\services\io\io_cache_service_builder.hpp">
      <Filter>sonia.services\io</Filter>
    </ClInclude>
    <ClInclude Include="..\..\..\sonia\services\io\io_cache_service.hpp">
      <Filter>sonia.services\io</Filter>
    </ClInclude>
    <ClInclude Include="..\..\..\sonia\services\net\http\http_connector.hpp">
      <Filter>sonia.services\net\http</Filter>
    </ClInclude>
    <ClInclude Include="..\..\..\sonia\services\net\http\http_connector_builder.hpp">
      <Filter>sonia.services\net\http</Filter>
    </ClInclude>
    <ClInclude Include="..\..\..\sonia\services\net\http\http_connector_configuration.hpp">
      <Filter>sonia.services\net\http</Filter>
    </ClInclude>
    <ClInclude Include="..\..\..\sonia\services\net\http\http_default_application_configuration.hpp">
      <Filter>sonia.services\net\http</Filter>
    </ClInclude>
    <ClInclude Include="..\..\..\sonia\services\net\http\http_default_application_builder.hpp">
      <Filter>sonia.services\net\http</Filter>
    </ClInclude>
    <ClInclude Include="..\..\..\sonia\services\net\http\http_default_application.hpp">
      <Filter>sonia.services\net\http</Filter>
    </ClInclude>
    <ClInclude Include="..\..\..\sonia\services\net\http\http_static_application.hpp">
      <Filter>sonia.services\net\http</Filter>
    </ClInclude>
    <ClInclude Include="..\..\..\sonia\services\net\http\http_static_application_builder.hpp">
      <Filter>sonia.services\net\http</Filter>
    </ClInclude>
    <ClInclude Include="..\..\..\sonia\services\net\http\http_static_application_configuration.hpp">
      <Filter>sonia.services\net\http</Filter>
    </ClInclude>
    <ClInclude Include="..\..\..\sonia\services\timer.hpp">
      <Filter>sonia.services</Filter>
    </ClInclude>
    <ClInclude Include="..\..\..\sonia\services\registry.hpp">
      <Filter>sonia.services</Filter>
    </ClInclude>
    <ClInclude Include="..\..\..\sonia\services\registry\registry_service.hpp">
      <Filter>sonia.services\registry</Filter>
    </ClInclude>
    <ClInclude Include="..\..\..\sonia\services\registry\registry_service_builder.hpp">
      <Filter>sonia.services\registry</Filter>
    </ClInclude>
    <ClInclude Include="..\..\..\sonia\services\registry\registry_service_configuration.hpp">
      <Filter>sonia.services\registry</Filter>
    </ClInclude>
    <ClInclude Include="..\..\..\sonia\services\bookkeeper\bookkeeper.hpp">
      <Filter>sonia.services\bookkeeper</Filter>
    </ClInclude>
    <ClInclude Include="..\..\..\sonia\services\bookkeeper\bookkeeper_service.hpp">
      <Filter>sonia.services\bookkeeper</Filter>
    </ClInclude>
    <ClInclude Include="..\..\..\sonia\services\bookkeeper\bookkeeper_service_builder.hpp">
      <Filter>sonia.services\bookkeeper</Filter>
    </ClInclude>
    <ClInclude Include="..\..\..\sonia\services\bookkeeper\bookkeeper_service_configuration.hpp">
      <Filter>sonia.services\bookkeeper</Filter>
    </ClInclude>
    <ClInclude Include="..\..\..\sonia\services\net\http\http_digest_authentication_application_configuration.hpp">
      <Filter>sonia.services\net\http</Filter>
    </ClInclude>
    <ClInclude Include="..\..\..\sonia\services\net\http\http_digest_authentication_application.hpp">
      <Filter>sonia.services\net\http</Filter>
    </ClInclude>
    <ClInclude Include="..\..\..\sonia\services\net\http\http_digest_authentication_application_builder.hpp">
      <Filter>sonia.services\net\http</Filter>
    </ClInclude>
    <ClInclude Include="..\..\..\sonia\services\auth\authentication.hpp">
      <Filter>sonia.services\auth</Filter>
    </ClInclude>
    <ClInclude Include="..\..\..\sonia\services\auth\auth_service.hpp">
      <Filter>sonia.services\auth</Filter>
    </ClInclude>
    <ClInclude Include="..\..\..\sonia\services\auth\auth_service_builder.hpp">
      <Filter>sonia.services\auth</Filter>
    </ClInclude>
    <ClInclude Include="..\..\..\sonia\services\auth\auth_service_configuration.hpp">
      <Filter>sonia.services\auth</Filter>
    </ClInclude>
    <ClInclude Include="..\..\..\sonia\services\net\http\http_route.hpp">
      <Filter>sonia.services\net\http</Filter>
    </ClInclude>
  </ItemGroup>
</Project>