<?xml version="1.0" encoding="utf-8"?>
<Project ToolsVersion="4.0" xmlns="http://schemas.microsoft.com/developer/msbuild/2003">
  <ItemGroup>
    <ClCompile Include="..\..\..\sonia\services\services.cpp">
      <Filter>sonia.services</Filter>
    </ClCompile>
    <ClCompile Include="..\..\..\applied\dllmain.cpp" />
    <ClCompile Include="..\..\..\sonia\services\environment.cpp">
      <Filter>sonia.services</Filter>
    </ClCompile>
    <ClCompile Include="..\..\..\sonia\services\services_host.cpp">
      <Filter>sonia.services</Filter>
    </ClCompile>
    <ClCompile Include="..\..\..\sonia\services\service_locator.cpp">
      <Filter>sonia.services</Filter>
    </ClCompile>
    <ClCompile Include="..\..\..\sonia\services\basic_service_factory.cpp">
      <Filter>sonia.services</Filter>
    </ClCompile>
    <ClCompile Include="..\..\..\sonia\services\local_service_registry.cpp">
      <Filter>sonia.services</Filter>
    </ClCompile>
  </ItemGroup>
  <ItemGroup>
    <Filter Include="sonia.services">
      <UniqueIdentifier>{74959f1f-ac70-48cc-b3ce-1a10da274100}</UniqueIdentifier>
    </Filter>
  </ItemGroup>
  <ItemGroup>
    <ClInclude Include="..\..\..\sonia\services\environment.hpp">
      <Filter>sonia.services</Filter>
    </ClInclude>
    <ClInclude Include="..\..\..\sonia\services\host.hpp">
      <Filter>sonia.services</Filter>
    </ClInclude>
    <ClInclude Include="..\..\..\sonia\services\service.hpp">
      <Filter>sonia.services</Filter>
    </ClInclude>
    <ClInclude Include="..\..\..\sonia\services\service_locator.hpp">
      <Filter>sonia.services</Filter>
    </ClInclude>
    <ClInclude Include="..\..\..\sonia\services\service_factory.hpp">
      <Filter>sonia.services</Filter>
    </ClInclude>
    <ClInclude Include="..\..\..\sonia\services\local_service_registry.hpp">
      <Filter>sonia.services</Filter>
    </ClInclude>
  </ItemGroup>
</Project>